lockfileVersion: 5.3

specifiers:
  '@types/node': ^17.0.22
  chalk: ^5.0.1

dependencies:
  '@types/node': 17.0.22
  chalk: 5.0.1

packages:

  /@types/node/17.0.22:
    resolution: {integrity: sha512-8FwbVoG4fy+ykY86XCAclKZDORttqE5/s7dyWZKLXTdv3vRy5HozBEinG5IqhvPXXzIZEcTVbuHlQEI6iuwcmw==}
    dev: false

  /chalk/5.0.1:
    resolution: {integrity: sha512-Fo07WOYGqMfCWHOzSXOt2CxDbC6skS/jO9ynEcmpANMoPrD+W1r1K6Vx7iNm+AQmETU1Xr2t+n8nzkV9t6xh3w==}
    engines: {node: ^12.17.0 || ^14.13 || >=16.0.0}
    dev: false
